{
  "name": "@protoplan/calculate-costs",
  "version": "14.0.2",
  "lockfileVersion": 3,
  "requires": true,
  "packages": {
    "": {
      "name": "@protoplan/calculate-costs",
      "version": "14.0.2",
      "license": "MIT",
      "dependencies": {
        "@protoplan/types": "40.0.0",
        "@protoplan/unit-utils": "^2.0.0"
      },
      "devDependencies": {
        "typescript": "^4.7.4"
      },
      "optionalDependencies": {
        "fsevents": "2.3.2"
      }
    },
    "node_modules/@protoplan/types": {
      "version": "40.0.0",
      "resolved": "https://registry.npmjs.org/@protoplan/types/-/types-40.0.0.tgz",
      "integrity": "sha512-LBRlj8dAXtkr5wzKhynFbdc0nrsCpw/HCHMp+TPyxUpEpdXRUe4xepyjN8xHL1ZiHmkjUIbarClNL8KAIMVjiQ==",
      "optionalDependencies": {
        "fsevents": "2.3.2"
      }
    },
    "node_modules/@protoplan/unit-utils": {
      "version": "2.0.1",
      "resolved": "https://registry.npmjs.org/@protoplan/unit-utils/-/unit-utils-2.0.1.tgz",
      "integrity": "sha512-k4ksJoz+x7k4oJPfaZg5VOAfNYk94vSEseeGGqlMQSON67+tcp69oplHLnWr9+RJkY/YZ5pxUZA0aPifh0dNhw==",
      "dependencies": {
        "@protoplan/types": "^18.0.0",
        "@types/node-dijkstra": "^2.5.2",
        "node-dijkstra": "^2.5.0"
      },
      "optionalDependencies": {
        "fsevents": "2.3.2"
      }
    },
    "node_modules/@protoplan/unit-utils/node_modules/@protoplan/types": {
      "version": "18.0.0",
      "resolved": "https://registry.npmjs.org/@protoplan/types/-/types-18.0.0.tgz",
      "integrity": "sha512-quBYDULcvOCtXf9x2+ryJeBdEnNA6G8M3fY8Se1/E30a1+/HMCk0O4x0DX9zOmqSRdLgnD8ilFPHa3Mmnz1ZUw==",
      "dependencies": {
        "@types/node-dijkstra": "^2.5.2",
        "node-dijkstra": "^2.5.0"
      },
      "optionalDependencies": {
        "fsevents": "2.3.2"
      }
    },
    "node_modules/@types/node-dijkstra": {
      "version": "2.5.6",
      "resolved": "https://registry.npmjs.org/@types/node-dijkstra/-/node-dijkstra-2.5.6.tgz",
      "integrity": "sha512-+n0D+FdGuCLsKoH7fwX3iWfkKSAG0e4z1F96UG5gAnlE2V/1AZO6LuPLzHQd1MC2fZJDcE2cpTS2Ln1lywgUvw=="
    },
    "node_modules/fsevents": {
      "version": "2.3.2",
      "resolved": "https://registry.npmjs.org/fsevents/-/fsevents-2.3.2.tgz",
      "integrity": "sha512-xiqMQR4xAeHTuB9uWm+fFRcIOgKBMiOBP+eXiyT7jsgVCq1bkVygt00oASowB7EdtpOHaaPgKt812P9ab+DDKA==",
      "hasInstallScript": true,
      "optional": true,
      "os": [
        "darwin"
      ],
      "engines": {
        "node": "^8.16.0 || ^10.6.0 || >=11.0.0"
      }
    },
    "node_modules/node-dijkstra": {
      "version": "2.5.0",
      "resolved": "https://registry.npmjs.org/node-dijkstra/-/node-dijkstra-2.5.0.tgz",
      "integrity": "sha512-2REYb1lo8yDRAY1gsdhjwQdGVSh47VI5Z5wS8sCqydO/P1OVAKOwLuV1fDxNLvbrtMspW7k2UZ2JKIKP06hl+A=="
    },
    "node_modules/typescript": {
      "version": "4.9.5",
      "resolved": "https://registry.npmjs.org/typescript/-/typescript-4.9.5.tgz",
      "integrity": "sha512-1FXk9E2Hm+QzZQ7z+McJiHL4NW1F2EzMu9Nq9i3zAaGqibafqYwCVU6WyWAuyQRRzOlxou8xZSyXLEN8oKj24g==",
      "dev": true,
      "bin": {
        "tsc": "bin/tsc",
        "tsserver": "bin/tsserver"
      },
      "engines": {
        "node": ">=4.2.0"
      }
    }
  }
}
