{
  "name": "@protoplan/calculate-costs",
  "version": "5.3.5",
  "lockfileVersion": 2,
  "requires": true,
  "packages": {
    "": {
      "name": "@protoplan/calculate-costs",
      "version": "5.3.5",
      "license": "MIT",
      "dependencies": {
        "@protoplan/exchange-rates": "^1.0.1",
        "@protoplan/types": "^18.0.0",
        "@protoplan/unit-utils": "^1.0.11"
      },
      "devDependencies": {
        "typescript": "^4.7.4"
      },
      "optionalDependencies": {
        "fsevents": "2.3.2"
      }
    },
    "node_modules/@protoplan/exchange-rates": {
      "version": "1.3.4",
      "resolved": "https://registry.npmjs.org/@protoplan/exchange-rates/-/exchange-rates-1.3.4.tgz",
      "integrity": "sha512-cs0wX/jTlHn2Ih8LOnjxNaIUkkegiMRgkBT9h74R+hlJGkCo5d7qGvedxqI9pteyCFs5+jXtkEPGHfC6PYAvJw==",
      "dependencies": {
        "@types/exchange-rates-api": "^1.0.0",
        "@types/promise-timeout": "^1.3.0",
        "exchange-rates-api": "^1.1.0",
        "promise-timeout": "^1.3.0"
      },
      "optionalDependencies": {
        "fsevents": "2.3.2"
      }
    },
    "node_modules/@protoplan/types": {
      "version": "18.0.0",
      "resolved": "https://registry.npmjs.org/@protoplan/types/-/types-18.0.0.tgz",
      "integrity": "sha512-quBYDULcvOCtXf9x2+ryJeBdEnNA6G8M3fY8Se1/E30a1+/HMCk0O4x0DX9zOmqSRdLgnD8ilFPHa3Mmnz1ZUw==",
      "dependencies": {
        "@types/node-dijkstra": "^2.5.2",
        "node-dijkstra": "^2.5.0"
      },
      "optionalDependencies": {
        "fsevents": "2.3.2"
      }
    },
    "node_modules/@protoplan/unit-utils": {
      "version": "1.1.0",
      "resolved": "https://registry.npmjs.org/@protoplan/unit-utils/-/unit-utils-1.1.0.tgz",
      "integrity": "sha512-5GCB8+il0edFnYsrM65Y2DjCwAAUCcZohlxC2ZiwPjrWC+b9x6ueYMHEB4upXy+XpByc16bzcxaTMeXCH4gmcw==",
      "dependencies": {
        "@protoplan/types": "^1.0.15",
        "@types/node-dijkstra": "^2.5.2",
        "node-dijkstra": "^2.5.0"
      },
      "optionalDependencies": {
        "fsevents": "2.3.2"
      }
    },
    "node_modules/@protoplan/unit-utils/node_modules/@protoplan/types": {
      "version": "1.1.32",
      "resolved": "https://registry.npmjs.org/@protoplan/types/-/types-1.1.32.tgz",
      "integrity": "sha512-GAALQaY4Yhbc0xYRxeN5GL9Y0gQrmJA/cFQCnScKpDmkfm7k4BabsAnLyvmZJl8DzLViuyVdoZhh/ydkomgxEg==",
      "dependencies": {
        "@types/node-dijkstra": "^2.5.2",
        "node-dijkstra": "^2.5.0"
      },
      "optionalDependencies": {
        "fsevents": "2.3.2"
      }
    },
    "node_modules/@types/exchange-rates-api": {
      "version": "1.0.0",
      "resolved": "https://registry.npmjs.org/@types/exchange-rates-api/-/exchange-rates-api-1.0.0.tgz",
      "integrity": "sha512-OtJfIBx0rHdC9IHITw4/6A+izmhkbMBSgqR3dJMBEIZnCqyyORro84/pxrywdb5yEKXUmJpOQjPab/1y9kJ4aQ=="
    },
    "node_modules/@types/node-dijkstra": {
      "version": "2.5.3",
      "resolved": "https://registry.npmjs.org/@types/node-dijkstra/-/node-dijkstra-2.5.3.tgz",
      "integrity": "sha512-1D4rS5dK8373h/Ub8Wq2CuTKRT0VhA5KV8hPnhFIYuXvYUzXxjFGkrchd3QqqOVn28Mt6hNIDy22vpT9Ddx+kg=="
    },
    "node_modules/@types/promise-timeout": {
      "version": "1.3.0",
      "resolved": "https://registry.npmjs.org/@types/promise-timeout/-/promise-timeout-1.3.0.tgz",
      "integrity": "sha512-AtVKSZUtpBoZ4SshXJk5JcTXJllinHKKx615lsRNJUsbbFlI0AI8drlnoiQ+PNvjkeoF9Y8fJUh6UO2khsIBZw=="
    },
    "node_modules/date-fns": {
      "version": "1.30.1",
      "resolved": "https://registry.npmjs.org/date-fns/-/date-fns-1.30.1.tgz",
      "integrity": "sha512-hBSVCvSmWC+QypYObzwGOd9wqdDpOt+0wl0KbU+R+uuZBS1jN8VsD1ss3irQDknRj5NvxiTF6oj/nDRnN/UQNw=="
    },
    "node_modules/encoding": {
      "version": "0.1.13",
      "resolved": "https://registry.npmjs.org/encoding/-/encoding-0.1.13.tgz",
      "integrity": "sha512-ETBauow1T35Y/WZMkio9jiM0Z5xjHHmJ4XmjZOq1l/dXz3lr2sRn87nJy20RupqSh1F2m3HHPSp8ShIPQJrJ3A==",
      "dependencies": {
        "iconv-lite": "^0.6.2"
      }
    },
    "node_modules/exchange-rates-api": {
      "version": "1.1.0",
      "resolved": "https://registry.npmjs.org/exchange-rates-api/-/exchange-rates-api-1.1.0.tgz",
      "integrity": "sha512-bY7g1Or6zsVpaJuiKqgcy1BGsH61mqKyl+NxTwlrAn+w0QYIDkye3Jjcfa9yDpzxNDSGNoFAn6mR5e+5WDTYvg==",
      "dependencies": {
        "date-fns": "^1.30.1",
        "isomorphic-fetch": "^2.2.1"
      }
    },
    "node_modules/fsevents": {
      "version": "2.3.2",
      "resolved": "https://registry.npmjs.org/fsevents/-/fsevents-2.3.2.tgz",
      "integrity": "sha512-xiqMQR4xAeHTuB9uWm+fFRcIOgKBMiOBP+eXiyT7jsgVCq1bkVygt00oASowB7EdtpOHaaPgKt812P9ab+DDKA==",
      "hasInstallScript": true,
      "optional": true,
      "os": [
        "darwin"
      ],
      "engines": {
        "node": "^8.16.0 || ^10.6.0 || >=11.0.0"
      }
    },
    "node_modules/iconv-lite": {
      "version": "0.6.3",
      "resolved": "https://registry.npmjs.org/iconv-lite/-/iconv-lite-0.6.3.tgz",
      "integrity": "sha512-4fCk79wshMdzMp2rH06qWrJE4iolqLhCUH+OiuIgU++RB0+94NlDL81atO7GX55uUKueo0txHNtvEyI6D7WdMw==",
      "dependencies": {
        "safer-buffer": ">= 2.1.2 < 3.0.0"
      },
      "engines": {
        "node": ">=0.10.0"
      }
    },
    "node_modules/is-stream": {
      "version": "1.1.0",
      "resolved": "https://registry.npmjs.org/is-stream/-/is-stream-1.1.0.tgz",
      "integrity": "sha512-uQPm8kcs47jx38atAcWTVxyltQYoPT68y9aWYdV6yWXSyW8mzSat0TL6CiWdZeCdF3KrAvpVtnHbTv4RN+rqdQ==",
      "engines": {
        "node": ">=0.10.0"
      }
    },
    "node_modules/isomorphic-fetch": {
      "version": "2.2.1",
      "resolved": "https://registry.npmjs.org/isomorphic-fetch/-/isomorphic-fetch-2.2.1.tgz",
      "integrity": "sha512-9c4TNAKYXM5PRyVcwUZrF3W09nQ+sO7+jydgs4ZGW9dhsLG2VOlISJABombdQqQRXCwuYG3sYV/puGf5rp0qmA==",
      "dependencies": {
        "node-fetch": "^1.0.1",
        "whatwg-fetch": ">=0.10.0"
      }
    },
    "node_modules/node-dijkstra": {
      "version": "2.5.0",
      "resolved": "https://registry.npmjs.org/node-dijkstra/-/node-dijkstra-2.5.0.tgz",
      "integrity": "sha512-2REYb1lo8yDRAY1gsdhjwQdGVSh47VI5Z5wS8sCqydO/P1OVAKOwLuV1fDxNLvbrtMspW7k2UZ2JKIKP06hl+A=="
    },
    "node_modules/node-fetch": {
      "version": "1.7.3",
      "resolved": "https://registry.npmjs.org/node-fetch/-/node-fetch-1.7.3.tgz",
      "integrity": "sha512-NhZ4CsKx7cYm2vSrBAr2PvFOe6sWDf0UYLRqA6svUYg7+/TSfVAu49jYC4BvQ4Sms9SZgdqGBgroqfDhJdTyKQ==",
      "dependencies": {
        "encoding": "^0.1.11",
        "is-stream": "^1.0.1"
      }
    },
    "node_modules/promise-timeout": {
      "version": "1.3.0",
      "resolved": "https://registry.npmjs.org/promise-timeout/-/promise-timeout-1.3.0.tgz",
      "integrity": "sha512-5yANTE0tmi5++POym6OgtFmwfDvOXABD9oj/jLQr5GPEyuNEb7jH4wbbANJceJid49jwhi1RddxnhnEAb/doqg=="
    },
    "node_modules/safer-buffer": {
      "version": "2.1.2",
      "resolved": "https://registry.npmjs.org/safer-buffer/-/safer-buffer-2.1.2.tgz",
      "integrity": "sha512-YZo3K82SD7Riyi0E1EQPojLz7kpepnSQI9IyPbHHg1XXXevb5dJI7tpyN2ADxGcQbHG7vcyRHk0cbwqcQriUtg=="
    },
    "node_modules/typescript": {
      "version": "4.9.5",
      "resolved": "https://registry.npmjs.org/typescript/-/typescript-4.9.5.tgz",
      "integrity": "sha512-1FXk9E2Hm+QzZQ7z+McJiHL4NW1F2EzMu9Nq9i3zAaGqibafqYwCVU6WyWAuyQRRzOlxou8xZSyXLEN8oKj24g==",
      "dev": true,
      "bin": {
        "tsc": "bin/tsc",
        "tsserver": "bin/tsserver"
      },
      "engines": {
        "node": ">=4.2.0"
      }
    },
    "node_modules/whatwg-fetch": {
      "version": "3.6.2",
      "resolved": "https://registry.npmjs.org/whatwg-fetch/-/whatwg-fetch-3.6.2.tgz",
      "integrity": "sha512-bJlen0FcuU/0EMLrdbJ7zOnW6ITZLrZMIarMUVmdKtsGvZna8vxKYaexICWPfZ8qwf9fzNq+UEIZrnSaApt6RA=="
    }
  },
  "dependencies": {
    "@protoplan/exchange-rates": {
      "version": "1.3.4",
      "resolved": "https://registry.npmjs.org/@protoplan/exchange-rates/-/exchange-rates-1.3.4.tgz",
      "integrity": "sha512-cs0wX/jTlHn2Ih8LOnjxNaIUkkegiMRgkBT9h74R+hlJGkCo5d7qGvedxqI9pteyCFs5+jXtkEPGHfC6PYAvJw==",
      "requires": {
        "@types/exchange-rates-api": "^1.0.0",
        "@types/promise-timeout": "^1.3.0",
        "exchange-rates-api": "^1.1.0",
        "fsevents": "2.3.2",
        "promise-timeout": "^1.3.0"
      }
    },
    "@protoplan/types": {
      "version": "18.0.0",
      "resolved": "https://registry.npmjs.org/@protoplan/types/-/types-18.0.0.tgz",
      "integrity": "sha512-quBYDULcvOCtXf9x2+ryJeBdEnNA6G8M3fY8Se1/E30a1+/HMCk0O4x0DX9zOmqSRdLgnD8ilFPHa3Mmnz1ZUw==",
      "requires": {
        "@types/node-dijkstra": "^2.5.2",
        "fsevents": "2.3.2",
        "node-dijkstra": "^2.5.0"
      }
    },
    "@protoplan/unit-utils": {
      "version": "1.1.0",
      "resolved": "https://registry.npmjs.org/@protoplan/unit-utils/-/unit-utils-1.1.0.tgz",
      "integrity": "sha512-5GCB8+il0edFnYsrM65Y2DjCwAAUCcZohlxC2ZiwPjrWC+b9x6ueYMHEB4upXy+XpByc16bzcxaTMeXCH4gmcw==",
      "requires": {
        "@protoplan/types": "^1.0.15",
        "@types/node-dijkstra": "^2.5.2",
        "fsevents": "2.3.2",
        "node-dijkstra": "^2.5.0"
      },
      "dependencies": {
        "@protoplan/types": {
          "version": "1.1.32",
          "resolved": "https://registry.npmjs.org/@protoplan/types/-/types-1.1.32.tgz",
          "integrity": "sha512-GAALQaY4Yhbc0xYRxeN5GL9Y0gQrmJA/cFQCnScKpDmkfm7k4BabsAnLyvmZJl8DzLViuyVdoZhh/ydkomgxEg==",
          "requires": {
            "@types/node-dijkstra": "^2.5.2",
            "fsevents": "2.3.2",
            "node-dijkstra": "^2.5.0"
          }
        }
      }
    },
    "@types/exchange-rates-api": {
      "version": "1.0.0",
      "resolved": "https://registry.npmjs.org/@types/exchange-rates-api/-/exchange-rates-api-1.0.0.tgz",
      "integrity": "sha512-OtJfIBx0rHdC9IHITw4/6A+izmhkbMBSgqR3dJMBEIZnCqyyORro84/pxrywdb5yEKXUmJpOQjPab/1y9kJ4aQ=="
    },
    "@types/node-dijkstra": {
      "version": "2.5.3",
      "resolved": "https://registry.npmjs.org/@types/node-dijkstra/-/node-dijkstra-2.5.3.tgz",
      "integrity": "sha512-1D4rS5dK8373h/Ub8Wq2CuTKRT0VhA5KV8hPnhFIYuXvYUzXxjFGkrchd3QqqOVn28Mt6hNIDy22vpT9Ddx+kg=="
    },
    "@types/promise-timeout": {
      "version": "1.3.0",
      "resolved": "https://registry.npmjs.org/@types/promise-timeout/-/promise-timeout-1.3.0.tgz",
      "integrity": "sha512-AtVKSZUtpBoZ4SshXJk5JcTXJllinHKKx615lsRNJUsbbFlI0AI8drlnoiQ+PNvjkeoF9Y8fJUh6UO2khsIBZw=="
    },
    "date-fns": {
      "version": "1.30.1",
      "resolved": "https://registry.npmjs.org/date-fns/-/date-fns-1.30.1.tgz",
      "integrity": "sha512-hBSVCvSmWC+QypYObzwGOd9wqdDpOt+0wl0KbU+R+uuZBS1jN8VsD1ss3irQDknRj5NvxiTF6oj/nDRnN/UQNw=="
    },
    "encoding": {
      "version": "0.1.13",
      "resolved": "https://registry.npmjs.org/encoding/-/encoding-0.1.13.tgz",
      "integrity": "sha512-ETBauow1T35Y/WZMkio9jiM0Z5xjHHmJ4XmjZOq1l/dXz3lr2sRn87nJy20RupqSh1F2m3HHPSp8ShIPQJrJ3A==",
      "requires": {
        "iconv-lite": "^0.6.2"
      }
    },
    "exchange-rates-api": {
      "version": "1.1.0",
      "resolved": "https://registry.npmjs.org/exchange-rates-api/-/exchange-rates-api-1.1.0.tgz",
      "integrity": "sha512-bY7g1Or6zsVpaJuiKqgcy1BGsH61mqKyl+NxTwlrAn+w0QYIDkye3Jjcfa9yDpzxNDSGNoFAn6mR5e+5WDTYvg==",
      "requires": {
        "date-fns": "^1.30.1",
        "isomorphic-fetch": "^2.2.1"
      }
    },
    "fsevents": {
      "version": "2.3.2",
      "resolved": "https://registry.npmjs.org/fsevents/-/fsevents-2.3.2.tgz",
      "integrity": "sha512-xiqMQR4xAeHTuB9uWm+fFRcIOgKBMiOBP+eXiyT7jsgVCq1bkVygt00oASowB7EdtpOHaaPgKt812P9ab+DDKA==",
      "optional": true
    },
    "iconv-lite": {
      "version": "0.6.3",
      "resolved": "https://registry.npmjs.org/iconv-lite/-/iconv-lite-0.6.3.tgz",
      "integrity": "sha512-4fCk79wshMdzMp2rH06qWrJE4iolqLhCUH+OiuIgU++RB0+94NlDL81atO7GX55uUKueo0txHNtvEyI6D7WdMw==",
      "requires": {
        "safer-buffer": ">= 2.1.2 < 3.0.0"
      }
    },
    "is-stream": {
      "version": "1.1.0",
      "resolved": "https://registry.npmjs.org/is-stream/-/is-stream-1.1.0.tgz",
      "integrity": "sha512-uQPm8kcs47jx38atAcWTVxyltQYoPT68y9aWYdV6yWXSyW8mzSat0TL6CiWdZeCdF3KrAvpVtnHbTv4RN+rqdQ=="
    },
    "isomorphic-fetch": {
      "version": "2.2.1",
      "resolved": "https://registry.npmjs.org/isomorphic-fetch/-/isomorphic-fetch-2.2.1.tgz",
      "integrity": "sha512-9c4TNAKYXM5PRyVcwUZrF3W09nQ+sO7+jydgs4ZGW9dhsLG2VOlISJABombdQqQRXCwuYG3sYV/puGf5rp0qmA==",
      "requires": {
        "node-fetch": "^1.0.1",
        "whatwg-fetch": ">=0.10.0"
      }
    },
    "node-dijkstra": {
      "version": "2.5.0",
      "resolved": "https://registry.npmjs.org/node-dijkstra/-/node-dijkstra-2.5.0.tgz",
      "integrity": "sha512-2REYb1lo8yDRAY1gsdhjwQdGVSh47VI5Z5wS8sCqydO/P1OVAKOwLuV1fDxNLvbrtMspW7k2UZ2JKIKP06hl+A=="
    },
    "node-fetch": {
      "version": "1.7.3",
      "resolved": "https://registry.npmjs.org/node-fetch/-/node-fetch-1.7.3.tgz",
      "integrity": "sha512-NhZ4CsKx7cYm2vSrBAr2PvFOe6sWDf0UYLRqA6svUYg7+/TSfVAu49jYC4BvQ4Sms9SZgdqGBgroqfDhJdTyKQ==",
      "requires": {
        "encoding": "^0.1.11",
        "is-stream": "^1.0.1"
      }
    },
    "promise-timeout": {
      "version": "1.3.0",
      "resolved": "https://registry.npmjs.org/promise-timeout/-/promise-timeout-1.3.0.tgz",
      "integrity": "sha512-5yANTE0tmi5++POym6OgtFmwfDvOXABD9oj/jLQr5GPEyuNEb7jH4wbbANJceJid49jwhi1RddxnhnEAb/doqg=="
    },
    "safer-buffer": {
      "version": "2.1.2",
      "resolved": "https://registry.npmjs.org/safer-buffer/-/safer-buffer-2.1.2.tgz",
      "integrity": "sha512-YZo3K82SD7Riyi0E1EQPojLz7kpepnSQI9IyPbHHg1XXXevb5dJI7tpyN2ADxGcQbHG7vcyRHk0cbwqcQriUtg=="
    },
    "typescript": {
      "version": "4.9.5",
      "resolved": "https://registry.npmjs.org/typescript/-/typescript-4.9.5.tgz",
      "integrity": "sha512-1FXk9E2Hm+QzZQ7z+McJiHL4NW1F2EzMu9Nq9i3zAaGqibafqYwCVU6WyWAuyQRRzOlxou8xZSyXLEN8oKj24g==",
      "dev": true
    },
    "whatwg-fetch": {
      "version": "3.6.2",
      "resolved": "https://registry.npmjs.org/whatwg-fetch/-/whatwg-fetch-3.6.2.tgz",
      "integrity": "sha512-bJlen0FcuU/0EMLrdbJ7zOnW6ITZLrZMIarMUVmdKtsGvZna8vxKYaexICWPfZ8qwf9fzNq+UEIZrnSaApt6RA=="
    }
  }
}
