{
  "name": "@protoplan/calculate-costs",
  "version": "1.0.31",
  "lockfileVersion": 2,
  "requires": true,
  "packages": {
    "": {
      "name": "@protoplan/calculate-costs",
      "version": "1.0.31",
      "license": "MIT",
      "dependencies": {
        "@protoplan/types": "^1.0.15",
        "@protoplan/unit-utils": "^1.0.11",
        "@types/node-dijkstra": "^2.5.2",
        "node-dijkstra": "^2.5.0"
      },
      "devDependencies": {
        "typescript": "^4.7.4"
      },
      "optionalDependencies": {
        "fsevents": "2.3.2"
      }
    },
    "node_modules/@protoplan/types": {
      "version": "1.1.26",
      "resolved": "https://registry.npmjs.org/@protoplan/types/-/types-1.1.26.tgz",
      "integrity": "sha512-HasLwzImh8fpYjeCVQbd1OExvYTh6vi1TGtatou0Xyd29yDykD9J9p2XiP2wPmhphMUREU/AolZfTch+gCX/ig==",
      "dependencies": {
        "@types/node-dijkstra": "^2.5.2",
        "node-dijkstra": "^2.5.0"
      },
      "optionalDependencies": {
        "fsevents": "2.3.2"
      }
    },
    "node_modules/@protoplan/unit-utils": {
      "version": "1.0.11",
      "resolved": "https://registry.npmjs.org/@protoplan/unit-utils/-/unit-utils-1.0.11.tgz",
      "integrity": "sha512-9H/qKY8erQlrAFTrnsEJPKlmOSXrg7tAXzNcw3J1OwTbZsQKD2hyr76MQjcVnyDv+RFlUYzBZLnc88iS4OtkjA==",
      "dependencies": {
        "@protoplan/types": "^1.0.15",
        "@types/node-dijkstra": "^2.5.2",
        "node-dijkstra": "^2.5.0"
      },
      "optionalDependencies": {
        "fsevents": "2.3.2"
      }
    },
    "node_modules/@types/node-dijkstra": {
      "version": "2.5.3",
      "resolved": "https://registry.npmjs.org/@types/node-dijkstra/-/node-dijkstra-2.5.3.tgz",
      "integrity": "sha512-1D4rS5dK8373h/Ub8Wq2CuTKRT0VhA5KV8hPnhFIYuXvYUzXxjFGkrchd3QqqOVn28Mt6hNIDy22vpT9Ddx+kg=="
    },
    "node_modules/fsevents": {
      "version": "2.3.2",
      "resolved": "https://registry.npmjs.org/fsevents/-/fsevents-2.3.2.tgz",
      "integrity": "sha512-xiqMQR4xAeHTuB9uWm+fFRcIOgKBMiOBP+eXiyT7jsgVCq1bkVygt00oASowB7EdtpOHaaPgKt812P9ab+DDKA==",
      "hasInstallScript": true,
      "optional": true,
      "os": [
        "darwin"
      ],
      "engines": {
        "node": "^8.16.0 || ^10.6.0 || >=11.0.0"
      }
    },
    "node_modules/node-dijkstra": {
      "version": "2.5.0",
      "resolved": "https://registry.npmjs.org/node-dijkstra/-/node-dijkstra-2.5.0.tgz",
      "integrity": "sha512-2REYb1lo8yDRAY1gsdhjwQdGVSh47VI5Z5wS8sCqydO/P1OVAKOwLuV1fDxNLvbrtMspW7k2UZ2JKIKP06hl+A=="
    },
    "node_modules/typescript": {
      "version": "4.7.4",
      "resolved": "https://registry.npmjs.org/typescript/-/typescript-4.7.4.tgz",
      "integrity": "sha512-C0WQT0gezHuw6AdY1M2jxUO83Rjf0HP7Sk1DtXj6j1EwkQNZrHAg2XPWlq62oqEhYvONq5pkC2Y9oPljWToLmQ==",
      "dev": true,
      "bin": {
        "tsc": "bin/tsc",
        "tsserver": "bin/tsserver"
      },
      "engines": {
        "node": ">=4.2.0"
      }
    }
  },
  "dependencies": {
    "@protoplan/types": {
      "version": "1.1.26",
      "resolved": "https://registry.npmjs.org/@protoplan/types/-/types-1.1.26.tgz",
      "integrity": "sha512-HasLwzImh8fpYjeCVQbd1OExvYTh6vi1TGtatou0Xyd29yDykD9J9p2XiP2wPmhphMUREU/AolZfTch+gCX/ig==",
      "requires": {
        "@types/node-dijkstra": "^2.5.2",
        "fsevents": "2.3.2",
        "node-dijkstra": "^2.5.0"
      }
    },
    "@protoplan/unit-utils": {
      "version": "1.0.11",
      "resolved": "https://registry.npmjs.org/@protoplan/unit-utils/-/unit-utils-1.0.11.tgz",
      "integrity": "sha512-9H/qKY8erQlrAFTrnsEJPKlmOSXrg7tAXzNcw3J1OwTbZsQKD2hyr76MQjcVnyDv+RFlUYzBZLnc88iS4OtkjA==",
      "requires": {
        "@protoplan/types": "^1.0.15",
        "@types/node-dijkstra": "^2.5.2",
        "fsevents": "2.3.2",
        "node-dijkstra": "^2.5.0"
      }
    },
    "@types/node-dijkstra": {
      "version": "2.5.3",
      "resolved": "https://registry.npmjs.org/@types/node-dijkstra/-/node-dijkstra-2.5.3.tgz",
      "integrity": "sha512-1D4rS5dK8373h/Ub8Wq2CuTKRT0VhA5KV8hPnhFIYuXvYUzXxjFGkrchd3QqqOVn28Mt6hNIDy22vpT9Ddx+kg=="
    },
    "fsevents": {
      "version": "2.3.2",
      "resolved": "https://registry.npmjs.org/fsevents/-/fsevents-2.3.2.tgz",
      "integrity": "sha512-xiqMQR4xAeHTuB9uWm+fFRcIOgKBMiOBP+eXiyT7jsgVCq1bkVygt00oASowB7EdtpOHaaPgKt812P9ab+DDKA==",
      "optional": true
    },
    "node-dijkstra": {
      "version": "2.5.0",
      "resolved": "https://registry.npmjs.org/node-dijkstra/-/node-dijkstra-2.5.0.tgz",
      "integrity": "sha512-2REYb1lo8yDRAY1gsdhjwQdGVSh47VI5Z5wS8sCqydO/P1OVAKOwLuV1fDxNLvbrtMspW7k2UZ2JKIKP06hl+A=="
    },
    "typescript": {
      "version": "4.7.4",
      "resolved": "https://registry.npmjs.org/typescript/-/typescript-4.7.4.tgz",
      "integrity": "sha512-C0WQT0gezHuw6AdY1M2jxUO83Rjf0HP7Sk1DtXj6j1EwkQNZrHAg2XPWlq62oqEhYvONq5pkC2Y9oPljWToLmQ==",
      "dev": true
    }
  }
}
